
Microsoft Visual Studio Solution File, Format Version 12.00
# Visual Studio Version 16
VisualStudioVersion = 16.0.30114.105
MinimumVisualStudioVersion = 10.0.40219.1
Project("{888888A0-9F3D-457C-B088-3A5042F75D52}") = "Flappy Bird", "Flappy Bird.pyproj", "{FD568F1C-248C-4EE2-BADB-A52CCD47F67B}"
EndProject
Global
	GlobalSection(SolutionConfigurationPlatforms) = preSolution
		Debug|Any CPU = Debug|Any CPU
		Release|Any CPU = Release|Any CPU
	EndGlobalSection
	GlobalSection(ProjectConfigurationPlatforms) = postSolution
		{FD568F1C-248C-4EE2-BADB-A52CCD47F67B}.Debug|Any CPU.ActiveCfg = Debug|Any CPU
		{FD568F1C-248C-4EE2-BADB-A52CCD47F67B}.Release|Any CPU.ActiveCfg = Release|Any CPU
	EndGlobalSection
	GlobalSection(SolutionProperties) = preSolution
		HideSolutionNode = FALSE
	EndGlobalSection
	GlobalSection(ExtensibilityGlobals) = postSolution
		SolutionGuid = {B2B52B05-A079-4779-8A64-DDFE73B2B389}
	EndGlobalSection
EndGlobal
